// !$*UTF8*$!
{
	archiveVersion = 1;
	classes = {
	};
	objectVersion = 56;
	objects = {

/* Begin PBXBuildFile section */
		EFD0D3A729E2E93D002C7D98 /* myMp3TagEditorApp.swift in Sources */ = {isa = PBXBuildFile; fileRef = EFD0D3A629E2E93D002C7D98 /* myMp3TagEditorApp.swift */; };
		EFD0D3A929E2E93D002C7D98 /* ContentView.swift in Sources */ = {isa = PBXBuildFile; fileRef = EFD0D3A829E2E93D002C7D98 /* ContentView.swift */; };
		EFD0D3AB29E2E93D002C7D98 /* Assets.xcassets in Resources */ = {isa = PBXBuildFile; fileRef = EFD0D3AA29E2E93D002C7D98 /* Assets.xcassets */; };
		EFD0D3AE29E2E93D002C7D98 /* Preview Assets.xcassets in Resources */ = {isa = PBXBuildFile; fileRef = EFD0D3AD29E2E93D002C7D98 /* Preview Assets.xcassets */; };
		EFD0D3B929E2E93D002C7D98 /* myMp3TagEditorTests.swift in Sources */ = {isa = PBXBuildFile; fileRef = EFD0D3B829E2E93D002C7D98 /* myMp3TagEditorTests.swift */; };
		EFD0D3C329E2E93E002C7D98 /* myMp3TagEditorUITests.swift in Sources */ = {isa = PBXBuildFile; fileRef = EFD0D3C229E2E93E002C7D98 /* myMp3TagEditorUITests.swift */; };
		EFD0D3C529E2E93E002C7D98 /* myMp3TagEditorUITestsLaunchTests.swift in Sources */ = {isa = PBXBuildFile; fileRef = EFD0D3C429E2E93E002C7D98 /* myMp3TagEditorUITestsLaunchTests.swift */; };
		EFD0D3D529E2E98F002C7D98 /* read.swift in Sources */ = {isa = PBXBuildFile; fileRef = EFD0D3D129E2E98F002C7D98 /* read.swift */; };
		EFD0D3D629E2E98F002C7D98 /* info.swift in Sources */ = {isa = PBXBuildFile; fileRef = EFD0D3D229E2E98F002C7D98 /* info.swift */; };
		EFD0D3D729E2E98F002C7D98 /* write.swift in Sources */ = {isa = PBXBuildFile; fileRef = EFD0D3D329E2E98F002C7D98 /* write.swift */; };
		EFD0D3DC29E2E9F0002C7D98 /* ID3TagEditor in Frameworks */ = {isa = PBXBuildFile; productRef = EFD0D3DB29E2E9F0002C7D98 /* ID3TagEditor */; };
		EFD0D3E029E2EA7E002C7D98 /* test.swift in Sources */ = {isa = PBXBuildFile; fileRef = EFD0D3DF29E2EA7E002C7D98 /* test.swift */; };
		EFD0D3E429E2EC54002C7D98 /* readDIR.swift in Sources */ = {isa = PBXBuildFile; fileRef = EFD0D3E329E2EC54002C7D98 /* readDIR.swift */; };
/* End PBXBuildFile section */

/* Begin PBXContainerItemProxy section */
		EFD0D3B529E2E93D002C7D98 /* PBXContainerItemProxy */ = {
			isa = PBXContainerItemProxy;
			containerPortal = EFD0D39B29E2E93D002C7D98 /* Project object */;
			proxyType = 1;
			remoteGlobalIDString = EFD0D3A229E2E93D002C7D98;
			remoteInfo = myMp3TagEditor;
		};
		EFD0D3BF29E2E93E002C7D98 /* PBXContainerItemProxy */ = {
			isa = PBXContainerItemProxy;
			containerPortal = EFD0D39B29E2E93D002C7D98 /* Project object */;
			proxyType = 1;
			remoteGlobalIDString = EFD0D3A229E2E93D002C7D98;
			remoteInfo = myMp3TagEditor;
		};
/* End PBXContainerItemProxy section */

/* Begin PBXFileReference section */
		EFD0D3A329E2E93D002C7D98 /* myMp3TagEditor.app */ = {isa = PBXFileReference; explicitFileType = wrapper.application; includeInIndex = 0; path = myMp3TagEditor.app; sourceTree = BUILT_PRODUCTS_DIR; };
		EFD0D3A629E2E93D002C7D98 /* myMp3TagEditorApp.swift */ = {isa = PBXFileReference; lastKnownFileType = sourcecode.swift; path = myMp3TagEditorApp.swift; sourceTree = "<group>"; };
		EFD0D3A829E2E93D002C7D98 /* ContentView.swift */ = {isa = PBXFileReference; lastKnownFileType = sourcecode.swift; path = ContentView.swift; sourceTree = "<group>"; };
		EFD0D3AA29E2E93D002C7D98 /* Assets.xcassets */ = {isa = PBXFileReference; lastKnownFileType = folder.assetcatalog; path = Assets.xcassets; sourceTree = "<group>"; };
		EFD0D3AD29E2E93D002C7D98 /* Preview Assets.xcassets */ = {isa = PBXFileReference; lastKnownFileType = folder.assetcatalog; path = "Preview Assets.xcassets"; sourceTree = "<group>"; };
		EFD0D3AF29E2E93D002C7D98 /* myMp3TagEditor.entitlements */ = {isa = PBXFileReference; lastKnownFileType = text.plist.entitlements; path = myMp3TagEditor.entitlements; sourceTree = "<group>"; };
		EFD0D3B429E2E93D002C7D98 /* myMp3TagEditorTests.xctest */ = {isa = PBXFileReference; explicitFileType = wrapper.cfbundle; includeInIndex = 0; path = myMp3TagEditorTests.xctest; sourceTree = BUILT_PRODUCTS_DIR; };
		EFD0D3B829E2E93D002C7D98 /* myMp3TagEditorTests.swift */ = {isa = PBXFileReference; lastKnownFileType = sourcecode.swift; path = myMp3TagEditorTests.swift; sourceTree = "<group>"; };
		EFD0D3BE29E2E93E002C7D98 /* myMp3TagEditorUITests.xctest */ = {isa = PBXFileReference; explicitFileType = wrapper.cfbundle; includeInIndex = 0; path = myMp3TagEditorUITests.xctest; sourceTree = BUILT_PRODUCTS_DIR; };
		EFD0D3C229E2E93E002C7D98 /* myMp3TagEditorUITests.swift */ = {isa = PBXFileReference; lastKnownFileType = sourcecode.swift; path = myMp3TagEditorUITests.swift; sourceTree = "<group>"; };
		EFD0D3C429E2E93E002C7D98 /* myMp3TagEditorUITestsLaunchTests.swift */ = {isa = PBXFileReference; lastKnownFileType = sourcecode.swift; path = myMp3TagEditorUITestsLaunchTests.swift; sourceTree = "<group>"; };
		EFD0D3D129E2E98F002C7D98 /* read.swift */ = {isa = PBXFileReference; fileEncoding = 4; lastKnownFileType = sourcecode.swift; path = read.swift; sourceTree = "<group>"; };
		EFD0D3D229E2E98F002C7D98 /* info.swift */ = {isa = PBXFileReference; fileEncoding = 4; lastKnownFileType = sourcecode.swift; path = info.swift; sourceTree = "<group>"; };
		EFD0D3D329E2E98F002C7D98 /* write.swift */ = {isa = PBXFileReference; fileEncoding = 4; lastKnownFileType = sourcecode.swift; path = write.swift; sourceTree = "<group>"; };
		EFD0D3DF29E2EA7E002C7D98 /* test.swift */ = {isa = PBXFileReference; fileEncoding = 4; lastKnownFileType = sourcecode.swift; path = test.swift; sourceTree = "<group>"; };
		EFD0D3E329E2EC54002C7D98 /* readDIR.swift */ = {isa = PBXFileReference; lastKnownFileType = sourcecode.swift; path = readDIR.swift; sourceTree = "<group>"; };
/* End PBXFileReference section */

/* Begin PBXFrameworksBuildPhase section */
		EFD0D3A029E2E93D002C7D98 /* Frameworks */ = {
			isa = PBXFrameworksBuildPhase;
			buildActionMask = 2147483647;
			files = (
				EFD0D3DC29E2E9F0002C7D98 /* ID3TagEditor in Frameworks */,
			);
			runOnlyForDeploymentPostprocessing = 0;
		};
		EFD0D3B129E2E93D002C7D98 /* Frameworks */ = {
			isa = PBXFrameworksBuildPhase;
			buildActionMask = 2147483647;
			files = (
			);
			runOnlyForDeploymentPostprocessing = 0;
		};
		EFD0D3BB29E2E93E002C7D98 /* Frameworks */ = {
			isa = PBXFrameworksBuildPhase;
			buildActionMask = 2147483647;
			files = (
			);
			runOnlyForDeploymentPostprocessing = 0;
		};
/* End PBXFrameworksBuildPhase section */

/* Begin PBXGroup section */
		EFD0D39A29E2E93D002C7D98 = {
			isa = PBXGroup;
			children = (
				EFD0D3D929E2E996002C7D98 /* ID3Edit */,
				EFD0D3A529E2E93D002C7D98 /* myMp3TagEditor */,
				EFD0D3B729E2E93D002C7D98 /* myMp3TagEditorTests */,
				EFD0D3C129E2E93E002C7D98 /* myMp3TagEditorUITests */,
				EFD0D3A429E2E93D002C7D98 /* Products */,
			);
			sourceTree = "<group>";
		};
		EFD0D3A429E2E93D002C7D98 /* Products */ = {
			isa = PBXGroup;
			children = (
				EFD0D3A329E2E93D002C7D98 /* myMp3TagEditor.app */,
				EFD0D3B429E2E93D002C7D98 /* myMp3TagEditorTests.xctest */,
				EFD0D3BE29E2E93E002C7D98 /* myMp3TagEditorUITests.xctest */,
			);
			name = Products;
			sourceTree = "<group>";
		};
		EFD0D3A529E2E93D002C7D98 /* myMp3TagEditor */ = {
			isa = PBXGroup;
			children = (
				EFD0D3A629E2E93D002C7D98 /* myMp3TagEditorApp.swift */,
				EFD0D3A829E2E93D002C7D98 /* ContentView.swift */,
				EFD0D3AA29E2E93D002C7D98 /* Assets.xcassets */,
				EFD0D3AF29E2E93D002C7D98 /* myMp3TagEditor.entitlements */,
				EFD0D3AC29E2E93D002C7D98 /* Preview Content */,
			);
			path = myMp3TagEditor;
			sourceTree = "<group>";
		};
		EFD0D3AC29E2E93D002C7D98 /* Preview Content */ = {
			isa = PBXGroup;
			children = (
				EFD0D3AD29E2E93D002C7D98 /* Preview Assets.xcassets */,
			);
			path = "Preview Content";
			sourceTree = "<group>";
		};
		EFD0D3B729E2E93D002C7D98 /* myMp3TagEditorTests */ = {
			isa = PBXGroup;
			children = (
				EFD0D3B829E2E93D002C7D98 /* myMp3TagEditorTests.swift */,
			);
			path = myMp3TagEditorTests;
			sourceTree = "<group>";
		};
		EFD0D3C129E2E93E002C7D98 /* myMp3TagEditorUITests */ = {
			isa = PBXGroup;
			children = (
				EFD0D3C229E2E93E002C7D98 /* myMp3TagEditorUITests.swift */,
				EFD0D3C429E2E93E002C7D98 /* myMp3TagEditorUITestsLaunchTests.swift */,
			);
			path = myMp3TagEditorUITests;
			sourceTree = "<group>";
		};
		EFD0D3D929E2E996002C7D98 /* ID3Edit */ = {
			isa = PBXGroup;
			children = (
				EFD0D3D129E2E98F002C7D98 /* read.swift */,
				EFD0D3D329E2E98F002C7D98 /* write.swift */,
				EFD0D3DF29E2EA7E002C7D98 /* test.swift */,
				EFD0D3D229E2E98F002C7D98 /* info.swift */,
				EFD0D3E329E2EC54002C7D98 /* readDIR.swift */,
			);
			path = ID3Edit;
			sourceTree = "<group>";
		};
/* End PBXGroup section */

/* Begin PBXNativeTarget section */
		EFD0D3A229E2E93D002C7D98 /* myMp3TagEditor */ = {
			isa = PBXNativeTarget;
			buildConfigurationList = EFD0D3C829E2E93E002C7D98 /* Build configuration list for PBXNativeTarget "myMp3TagEditor" */;
			buildPhases = (
				EFD0D39F29E2E93D002C7D98 /* Sources */,
				EFD0D3A029E2E93D002C7D98 /* Frameworks */,
				EFD0D3A129E2E93D002C7D98 /* Resources */,
			);
			buildRules = (
			);
			dependencies = (
			);
			name = myMp3TagEditor;
			packageProductDependencies = (
				EFD0D3DB29E2E9F0002C7D98 /* ID3TagEditor */,
			);
			productName = myMp3TagEditor;
			productReference = EFD0D3A329E2E93D002C7D98 /* myMp3TagEditor.app */;
			productType = "com.apple.product-type.application";
		};
		EFD0D3B329E2E93D002C7D98 /* myMp3TagEditorTests */ = {
			isa = PBXNativeTarget;
			buildConfigurationList = EFD0D3CB29E2E93E002C7D98 /* Build configuration list for PBXNativeTarget "myMp3TagEditorTests" */;
			buildPhases = (
				EFD0D3B029E2E93D002C7D98 /* Sources */,
				EFD0D3B129E2E93D002C7D98 /* Frameworks */,
				EFD0D3B229E2E93D002C7D98 /* Resources */,
			);
			buildRules = (
			);
			dependencies = (
				EFD0D3B629E2E93D002C7D98 /* PBXTargetDependency */,
			);
			name = myMp3TagEditorTests;
			productName = myMp3TagEditorTests;
			productReference = EFD0D3B429E2E93D002C7D98 /* myMp3TagEditorTests.xctest */;
			productType = "com.apple.product-type.bundle.unit-test";
		};
		EFD0D3BD29E2E93E002C7D98 /* myMp3TagEditorUITests */ = {
			isa = PBXNativeTarget;
			buildConfigurationList = EFD0D3CE29E2E93E002C7D98 /* Build configuration list for PBXNativeTarget "myMp3TagEditorUITests" */;
			buildPhases = (
				EFD0D3BA29E2E93E002C7D98 /* Sources */,
				EFD0D3BB29E2E93E002C7D98 /* Frameworks */,
				EFD0D3BC29E2E93E002C7D98 /* Resources */,
			);
			buildRules = (
			);
			dependencies = (
				EFD0D3C029E2E93E002C7D98 /* PBXTargetDependency */,
			);
			name = myMp3TagEditorUITests;
			productName = myMp3TagEditorUITests;
			productReference = EFD0D3BE29E2E93E002C7D98 /* myMp3TagEditorUITests.xctest */;
			productType = "com.apple.product-type.bundle.ui-testing";
		};
/* End PBXNativeTarget section */

/* Begin PBXProject section */
		EFD0D39B29E2E93D002C7D98 /* Project object */ = {
			isa = PBXProject;
			attributes = {
				BuildIndependentTargetsInParallel = 1;
				LastSwiftUpdateCheck = 1420;
				LastUpgradeCheck = 1420;
				TargetAttributes = {
					EFD0D3A229E2E93D002C7D98 = {
						CreatedOnToolsVersion = 14.2;
					};
					EFD0D3B329E2E93D002C7D98 = {
						CreatedOnToolsVersion = 14.2;
						TestTargetID = EFD0D3A229E2E93D002C7D98;
					};
					EFD0D3BD29E2E93E002C7D98 = {
						CreatedOnToolsVersion = 14.2;
						TestTargetID = EFD0D3A229E2E93D002C7D98;
					};
				};
			};
			buildConfigurationList = EFD0D39E29E2E93D002C7D98 /* Build configuration list for PBXProject "myMp3TagEditor" */;
			compatibilityVersion = "Xcode 14.0";
			developmentRegion = en;
			hasScannedForEncodings = 0;
			knownRegions = (
				en,
				Base,
			);
			mainGroup = EFD0D39A29E2E93D002C7D98;
			packageReferences = (
				EFD0D3DA29E2E9F0002C7D98 /* XCRemoteSwiftPackageReference "ID3TagEditor" */,
			);
			productRefGroup = EFD0D3A429E2E93D002C7D98 /* Products */;
			projectDirPath = "";
			projectRoot = "";
			targets = (
				EFD0D3A229E2E93D002C7D98 /* myMp3TagEditor */,
				EFD0D3B329E2E93D002C7D98 /* myMp3TagEditorTests */,
				EFD0D3BD29E2E93E002C7D98 /* myMp3TagEditorUITests */,
			);
		};
/* End PBXProject section */

/* Begin PBXResourcesBuildPhase section */
		EFD0D3A129E2E93D002C7D98 /* Resources */ = {
			isa = PBXResourcesBuildPhase;
			buildActionMask = 2147483647;
			files = (
				EFD0D3AE29E2E93D002C7D98 /* Preview Assets.xcassets in Resources */,
				EFD0D3AB29E2E93D002C7D98 /* Assets.xcassets in Resources */,
			);
			runOnlyForDeploymentPostprocessing = 0;
		};
		EFD0D3B229E2E93D002C7D98 /* Resources */ = {
			isa = PBXResourcesBuildPhase;
			buildActionMask = 2147483647;
			files = (
			);
			runOnlyForDeploymentPostprocessing = 0;
		};
		EFD0D3BC29E2E93E002C7D98 /* Resources */ = {
			isa = PBXResourcesBuildPhase;
			buildActionMask = 2147483647;
			files = (
			);
			runOnlyForDeploymentPostprocessing = 0;
		};
/* End PBXResourcesBuildPhase section */

/* Begin PBXSourcesBuildPhase section */
		EFD0D39F29E2E93D002C7D98 /* Sources */ = {
			isa = PBXSourcesBuildPhase;
			buildActionMask = 2147483647;
			files = (
				EFD0D3A929E2E93D002C7D98 /* ContentView.swift in Sources */,
				EFD0D3E029E2EA7E002C7D98 /* test.swift in Sources */,
				EFD0D3D629E2E98F002C7D98 /* info.swift in Sources */,
				EFD0D3E429E2EC54002C7D98 /* readDIR.swift in Sources */,
				EFD0D3D529E2E98F002C7D98 /* read.swift in Sources */,
				EFD0D3D729E2E98F002C7D98 /* write.swift in Sources */,
				EFD0D3A729E2E93D002C7D98 /* myMp3TagEditorApp.swift in Sources */,
			);
			runOnlyForDeploymentPostprocessing = 0;
		};
		EFD0D3B029E2E93D002C7D98 /* Sources */ = {
			isa = PBXSourcesBuildPhase;
			buildActionMask = 2147483647;
			files = (
				EFD0D3B929E2E93D002C7D98 /* myMp3TagEditorTests.swift in Sources */,
			);
			runOnlyForDeploymentPostprocessing = 0;
		};
		EFD0D3BA29E2E93E002C7D98 /* Sources */ = {
			isa = PBXSourcesBuildPhase;
			buildActionMask = 2147483647;
			files = (
				EFD0D3C329E2E93E002C7D98 /* myMp3TagEditorUITests.swift in Sources */,
				EFD0D3C529E2E93E002C7D98 /* myMp3TagEditorUITestsLaunchTests.swift in Sources */,
			);
			runOnlyForDeploymentPostprocessing = 0;
		};
/* End PBXSourcesBuildPhase section */

/* Begin PBXTargetDependency section */
		EFD0D3B629E2E93D002C7D98 /* PBXTargetDependency */ = {
			isa = PBXTargetDependency;
			target = EFD0D3A229E2E93D002C7D98 /* myMp3TagEditor */;
			targetProxy = EFD0D3B529E2E93D002C7D98 /* PBXContainerItemProxy */;
		};
		EFD0D3C029E2E93E002C7D98 /* PBXTargetDependency */ = {
			isa = PBXTargetDependency;
			target = EFD0D3A229E2E93D002C7D98 /* myMp3TagEditor */;
			targetProxy = EFD0D3BF29E2E93E002C7D98 /* PBXContainerItemProxy */;
		};
/* End PBXTargetDependency section */

/* Begin XCBuildConfiguration section */
		EFD0D3C629E2E93E002C7D98 /* Debug */ = {
			isa = XCBuildConfiguration;
			buildSettings = {
				ALWAYS_SEARCH_USER_PATHS = NO;
				CLANG_ANALYZER_NONNULL = YES;
				CLANG_ANALYZER_NUMBER_OBJECT_CONVERSION = YES_AGGRESSIVE;
				CLANG_CXX_LANGUAGE_STANDARD = "gnu++20";
				CLANG_ENABLE_MODULES = YES;
				CLANG_ENABLE_OBJC_ARC = YES;
				CLANG_ENABLE_OBJC_WEAK = YES;
				CLANG_WARN_BLOCK_CAPTURE_AUTORELEASING = YES;
				CLANG_WARN_BOOL_CONVERSION = YES;
				CLANG_WARN_COMMA = YES;
				CLANG_WARN_CONSTANT_CONVERSION = YES;
				CLANG_WARN_DEPRECATED_OBJC_IMPLEMENTATIONS = YES;
				CLANG_WARN_DIRECT_OBJC_ISA_USAGE = YES_ERROR;
				CLANG_WARN_DOCUMENTATION_COMMENTS = YES;
				CLANG_WARN_EMPTY_BODY = YES;
				CLANG_WARN_ENUM_CONVERSION = YES;
				CLANG_WARN_INFINITE_RECURSION = YES;
				CLANG_WARN_INT_CONVERSION = YES;
				CLANG_WARN_NON_LITERAL_NULL_CONVERSION = YES;
				CLANG_WARN_OBJC_IMPLICIT_RETAIN_SELF = YES;
				CLANG_WARN_OBJC_LITERAL_CONVERSION = YES;
				CLANG_WARN_OBJC_ROOT_CLASS = YES_ERROR;
				CLANG_WARN_QUOTED_INCLUDE_IN_FRAMEWORK_HEADER = YES;
				CLANG_WARN_RANGE_LOOP_ANALYSIS = YES;
				CLANG_WARN_STRICT_PROTOTYPES = YES;
				CLANG_WARN_SUSPICIOUS_MOVE = YES;
				CLANG_WARN_UNGUARDED_AVAILABILITY = YES_AGGRESSIVE;
				CLANG_WARN_UNREACHABLE_CODE = YES;
				CLANG_WARN__DUPLICATE_METHOD_MATCH = YES;
				COPY_PHASE_STRIP = NO;
				DEBUG_INFORMATION_FORMAT = dwarf;
				ENABLE_STRICT_OBJC_MSGSEND = YES;
				ENABLE_TESTABILITY = YES;
				GCC_C_LANGUAGE_STANDARD = gnu11;
				GCC_DYNAMIC_NO_PIC = NO;
				GCC_NO_COMMON_BLOCKS = YES;
				GCC_OPTIMIZATION_LEVEL = 0;
				GCC_PREPROCESSOR_DEFINITIONS = (
					"DEBUG=1",
					"$(inherited)",
				);
				GCC_WARN_64_TO_32_BIT_CONVERSION = YES;
				GCC_WARN_ABOUT_RETURN_TYPE = YES_ERROR;
				GCC_WARN_UNDECLARED_SELECTOR = YES;
				GCC_WARN_UNINITIALIZED_AUTOS = YES_AGGRESSIVE;
				GCC_WARN_UNUSED_FUNCTION = YES;
				GCC_WARN_UNUSED_VARIABLE = YES;
				MACOSX_DEPLOYMENT_TARGET = 13.1;
				MTL_ENABLE_DEBUG_INFO = INCLUDE_SOURCE;
				MTL_FAST_MATH = YES;
				ONLY_ACTIVE_ARCH = YES;
				SDKROOT = macosx;
				SWIFT_ACTIVE_COMPILATION_CONDITIONS = DEBUG;
				SWIFT_OPTIMIZATION_LEVEL = "-Onone";
			};
			name = Debug;
		};
		EFD0D3C729E2E93E002C7D98 /* Release */ = {
			isa = XCBuildConfiguration;
			buildSettings = {
				ALWAYS_SEARCH_USER_PATHS = NO;
				CLANG_ANALYZER_NONNULL = YES;
				CLANG_ANALYZER_NUMBER_OBJECT_CONVERSION = YES_AGGRESSIVE;
				CLANG_CXX_LANGUAGE_STANDARD = "gnu++20";
				CLANG_ENABLE_MODULES = YES;
				CLANG_ENABLE_OBJC_ARC = YES;
				CLANG_ENABLE_OBJC_WEAK = YES;
				CLANG_WARN_BLOCK_CAPTURE_AUTORELEASING = YES;
				CLANG_WARN_BOOL_CONVERSION = YES;
				CLANG_WARN_COMMA = YES;
				CLANG_WARN_CONSTANT_CONVERSION = YES;
				CLANG_WARN_DEPRECATED_OBJC_IMPLEMENTATIONS = YES;
				CLANG_WARN_DIRECT_OBJC_ISA_USAGE = YES_ERROR;
				CLANG_WARN_DOCUMENTATION_COMMENTS = YES;
				CLANG_WARN_EMPTY_BODY = YES;
				CLANG_WARN_ENUM_CONVERSION = YES;
				CLANG_WARN_INFINITE_RECURSION = YES;
				CLANG_WARN_INT_CONVERSION = YES;
				CLANG_WARN_NON_LITERAL_NULL_CONVERSION = YES;
				CLANG_WARN_OBJC_IMPLICIT_RETAIN_SELF = YES;
				CLANG_WARN_OBJC_LITERAL_CONVERSION = YES;
				CLANG_WARN_OBJC_ROOT_CLASS = YES_ERROR;
				CLANG_WARN_QUOTED_INCLUDE_IN_FRAMEWORK_HEADER = YES;
				CLANG_WARN_RANGE_LOOP_ANALYSIS = YES;
				CLANG_WARN_STRICT_PROTOTYPES = YES;
				CLANG_WARN_SUSPICIOUS_MOVE = YES;
				CLANG_WARN_UNGUARDED_AVAILABILITY = YES_AGGRESSIVE;
				CLANG_WARN_UNREACHABLE_CODE = YES;
				CLANG_WARN__DUPLICATE_METHOD_MATCH = YES;
				COPY_PHASE_STRIP = NO;
				DEBUG_INFORMATION_FORMAT = "dwarf-with-dsym";
				ENABLE_NS_ASSERTIONS = NO;
				ENABLE_STRICT_OBJC_MSGSEND = YES;
				GCC_C_LANGUAGE_STANDARD = gnu11;
				GCC_NO_COMMON_BLOCKS = YES;
				GCC_WARN_64_TO_32_BIT_CONVERSION = YES;
				GCC_WARN_ABOUT_RETURN_TYPE = YES_ERROR;
				GCC_WARN_UNDECLARED_SELECTOR = YES;
				GCC_WARN_UNINITIALIZED_AUTOS = YES_AGGRESSIVE;
				GCC_WARN_UNUSED_FUNCTION = YES;
				GCC_WARN_UNUSED_VARIABLE = YES;
				MACOSX_DEPLOYMENT_TARGET = 13.1;
				MTL_ENABLE_DEBUG_INFO = NO;
				MTL_FAST_MATH = YES;
				SDKROOT = macosx;
				SWIFT_COMPILATION_MODE = wholemodule;
				SWIFT_OPTIMIZATION_LEVEL = "-O";
			};
			name = Release;
		};
		EFD0D3C929E2E93E002C7D98 /* Debug */ = {
			isa = XCBuildConfiguration;
			buildSettings = {
				ASSETCATALOG_COMPILER_APPICON_NAME = AppIcon;
				ASSETCATALOG_COMPILER_GLOBAL_ACCENT_COLOR_NAME = AccentColor;
				CODE_SIGN_ENTITLEMENTS = myMp3TagEditor/myMp3TagEditor.entitlements;
				CODE_SIGN_IDENTITY = "Apple Development";
				CODE_SIGN_STYLE = Automatic;
				COMBINE_HIDPI_IMAGES = YES;
				CURRENT_PROJECT_VERSION = 1;
				DEVELOPMENT_ASSET_PATHS = "\"myMp3TagEditor/Preview Content\"";
				DEVELOPMENT_TEAM = QG5ATR69H9;
				ENABLE_PREVIEWS = YES;
				GENERATE_INFOPLIST_FILE = YES;
				INFOPLIST_KEY_NSHumanReadableCopyright = "";
				LD_RUNPATH_SEARCH_PATHS = (
					"$(inherited)",
					"@executable_path/../Frameworks",
				);
				MARKETING_VERSION = 1.0;
				PRODUCT_BUNDLE_IDENTIFIER = esctabcapslock.myMp3TagEditor;
				PRODUCT_NAME = "$(TARGET_NAME)";
				PROVISIONING_PROFILE_SPECIFIER = "";
				SWIFT_EMIT_LOC_STRINGS = YES;
				SWIFT_VERSION = 5.0;
			};
			name = Debug;
		};
		EFD0D3CA29E2E93E002C7D98 /* Release */ = {
			isa = XCBuildConfiguration;
			buildSettings = {
				ASSETCATALOG_COMPILER_APPICON_NAME = AppIcon;
				ASSETCATALOG_COMPILER_GLOBAL_ACCENT_COLOR_NAME = AccentColor;
				CODE_SIGN_ENTITLEMENTS = myMp3TagEditor/myMp3TagEditor.entitlements;
				CODE_SIGN_IDENTITY = "Apple Development";
				CODE_SIGN_STYLE = Automatic;
				COMBINE_HIDPI_IMAGES = YES;
				CURRENT_PROJECT_VERSION = 1;
				DEVELOPMENT_ASSET_PATHS = "\"myMp3TagEditor/Preview Content\"";
				DEVELOPMENT_TEAM = QG5ATR69H9;
				ENABLE_PREVIEWS = YES;
				GENERATE_INFOPLIST_FILE = YES;
				INFOPLIST_KEY_NSHumanReadableCopyright = "";
				LD_RUNPATH_SEARCH_PATHS = (
					"$(inherited)",
					"@executable_path/../Frameworks",
				);
				MARKETING_VERSION = 1.0;
				PRODUCT_BUNDLE_IDENTIFIER = esctabcapslock.myMp3TagEditor;
				PRODUCT_NAME = "$(TARGET_NAME)";
				PROVISIONING_PROFILE_SPECIFIER = "";
				SWIFT_EMIT_LOC_STRINGS = YES;
				SWIFT_VERSION = 5.0;
			};
			name = Release;
		};
		EFD0D3CC29E2E93E002C7D98 /* Debug */ = {
			isa = XCBuildConfiguration;
			buildSettings = {
				ALWAYS_EMBED_SWIFT_STANDARD_LIBRARIES = YES;
				BUNDLE_LOADER = "$(TEST_HOST)";
				CODE_SIGN_STYLE = Automatic;
				CURRENT_PROJECT_VERSION = 1;
				GENERATE_INFOPLIST_FILE = YES;
				MACOSX_DEPLOYMENT_TARGET = 13.1;
				MARKETING_VERSION = 1.0;
				PRODUCT_BUNDLE_IDENTIFIER = esctabcapslock.myMp3TagEditorTests;
				PRODUCT_NAME = "$(TARGET_NAME)";
				SWIFT_EMIT_LOC_STRINGS = NO;
				SWIFT_VERSION = 5.0;
				TEST_HOST = "$(BUILT_PRODUCTS_DIR)/myMp3TagEditor.app/$(BUNDLE_EXECUTABLE_FOLDER_PATH)/myMp3TagEditor";
			};
			name = Debug;
		};
		EFD0D3CD29E2E93E002C7D98 /* Release */ = {
			isa = XCBuildConfiguration;
			buildSettings = {
				ALWAYS_EMBED_SWIFT_STANDARD_LIBRARIES = YES;
				BUNDLE_LOADER = "$(TEST_HOST)";
				CODE_SIGN_STYLE = Automatic;
				CURRENT_PROJECT_VERSION = 1;
				GENERATE_INFOPLIST_FILE = YES;
				MACOSX_DEPLOYMENT_TARGET = 13.1;
				MARKETING_VERSION = 1.0;
				PRODUCT_BUNDLE_IDENTIFIER = esctabcapslock.myMp3TagEditorTests;
				PRODUCT_NAME = "$(TARGET_NAME)";
				SWIFT_EMIT_LOC_STRINGS = NO;
				SWIFT_VERSION = 5.0;
				TEST_HOST = "$(BUILT_PRODUCTS_DIR)/myMp3TagEditor.app/$(BUNDLE_EXECUTABLE_FOLDER_PATH)/myMp3TagEditor";
			};
			name = Release;
		};
		EFD0D3CF29E2E93E002C7D98 /* Debug */ = {
			isa = XCBuildConfiguration;
			buildSettings = {
				ALWAYS_EMBED_SWIFT_STANDARD_LIBRARIES = YES;
				CODE_SIGN_STYLE = Automatic;
				CURRENT_PROJECT_VERSION = 1;
				GENERATE_INFOPLIST_FILE = YES;
				MARKETING_VERSION = 1.0;
				PRODUCT_BUNDLE_IDENTIFIER = esctabcapslock.myMp3TagEditorUITests;
				PRODUCT_NAME = "$(TARGET_NAME)";
				SWIFT_EMIT_LOC_STRINGS = NO;
				SWIFT_VERSION = 5.0;
				TEST_TARGET_NAME = myMp3TagEditor;
			};
			name = Debug;
		};
		EFD0D3D029E2E93E002C7D98 /* Release */ = {
			isa = XCBuildConfiguration;
			buildSettings = {
				ALWAYS_EMBED_SWIFT_STANDARD_LIBRARIES = YES;
				CODE_SIGN_STYLE = Automatic;
				CURRENT_PROJECT_VERSION = 1;
				GENERATE_INFOPLIST_FILE = YES;
				MARKETING_VERSION = 1.0;
				PRODUCT_BUNDLE_IDENTIFIER = esctabcapslock.myMp3TagEditorUITests;
				PRODUCT_NAME = "$(TARGET_NAME)";
				SWIFT_EMIT_LOC_STRINGS = NO;
				SWIFT_VERSION = 5.0;
				TEST_TARGET_NAME = myMp3TagEditor;
			};
			name = Release;
		};
/* End XCBuildConfiguration section */

/* Begin XCConfigurationList section */
		EFD0D39E29E2E93D002C7D98 /* Build configuration list for PBXProject "myMp3TagEditor" */ = {
			isa = XCConfigurationList;
			buildConfigurations = (
				EFD0D3C629E2E93E002C7D98 /* Debug */,
				EFD0D3C729E2E93E002C7D98 /* Release */,
			);
			defaultConfigurationIsVisible = 0;
			defaultConfigurationName = Release;
		};
		EFD0D3C829E2E93E002C7D98 /* Build configuration list for PBXNativeTarget "myMp3TagEditor" */ = {
			isa = XCConfigurationList;
			buildConfigurations = (
				EFD0D3C929E2E93E002C7D98 /* Debug */,
				EFD0D3CA29E2E93E002C7D98 /* Release */,
			);
			defaultConfigurationIsVisible = 0;
			defaultConfigurationName = Release;
		};
		EFD0D3CB29E2E93E002C7D98 /* Build configuration list for PBXNativeTarget "myMp3TagEditorTests" */ = {
			isa = XCConfigurationList;
			buildConfigurations = (
				EFD0D3CC29E2E93E002C7D98 /* Debug */,
				EFD0D3CD29E2E93E002C7D98 /* Release */,
			);
			defaultConfigurationIsVisible = 0;
			defaultConfigurationName = Release;
		};
		EFD0D3CE29E2E93E002C7D98 /* Build configuration list for PBXNativeTarget "myMp3TagEditorUITests" */ = {
			isa = XCConfigurationList;
			buildConfigurations = (
				EFD0D3CF29E2E93E002C7D98 /* Debug */,
				EFD0D3D029E2E93E002C7D98 /* Release */,
			);
			defaultConfigurationIsVisible = 0;
			defaultConfigurationName = Release;
		};
/* End XCConfigurationList section */

/* Begin XCRemoteSwiftPackageReference section */
		EFD0D3DA29E2E9F0002C7D98 /* XCRemoteSwiftPackageReference "ID3TagEditor" */ = {
			isa = XCRemoteSwiftPackageReference;
			repositoryURL = "https://github.com/chicio/ID3TagEditor.git";
			requirement = {
				branch = main;
				kind = branch;
			};
		};
/* End XCRemoteSwiftPackageReference section */

/* Begin XCSwiftPackageProductDependency section */
		EFD0D3DB29E2E9F0002C7D98 /* ID3TagEditor */ = {
			isa = XCSwiftPackageProductDependency;
			package = EFD0D3DA29E2E9F0002C7D98 /* XCRemoteSwiftPackageReference "ID3TagEditor" */;
			productName = ID3TagEditor;
		};
/* End XCSwiftPackageProductDependency section */
	};
	rootObject = EFD0D39B29E2E93D002C7D98 /* Project object */;
}
